
Microsoft Visual Studio Solution File, Format Version 12.00
# Visual Studio Version 17
VisualStudioVersion = 17.3.32825.248
MinimumVisualStudioVersion = 10.0.40219.1
Project("{FAE04EC0-301F-11D3-BF4B-00C04F79EFBC}") = "codeFirst_practice", "codeFirst_practice.csproj", "{9EBDD752-3695-470D-BDC8-44F45DC62AEF}"
EndProject
Global
	GlobalSection(SolutionConfigurationPlatforms) = preSolution
		Debug|Any CPU = Debug|Any CPU
		Release|Any CPU = Release|Any CPU
	EndGlobalSection
	GlobalSection(ProjectConfigurationPlatforms) = postSolution
		{9EBDD752-3695-470D-BDC8-44F45DC62AEF}.Debug|Any CPU.ActiveCfg = Debug|Any CPU
		{9EBDD752-3695-470D-BDC8-44F45DC62AEF}.Debug|Any CPU.Build.0 = Debug|Any CPU
		{9EBDD752-3695-470D-BDC8-44F45DC62AEF}.Release|Any CPU.ActiveCfg = Release|Any CPU
		{9EBDD752-3695-470D-BDC8-44F45DC62AEF}.Release|Any CPU.Build.0 = Release|Any CPU
	EndGlobalSection
	GlobalSection(SolutionProperties) = preSolution
		HideSolutionNode = FALSE
	EndGlobalSection
	GlobalSection(ExtensibilityGlobals) = postSolution
		SolutionGuid = {18660339-CDBF-44ED-AE65-4330FB8890DD}
	EndGlobalSection
EndGlobal
