
Microsoft Visual Studio Solution File, Format Version 12.00
# Visual Studio Version 17
VisualStudioVersion = 17.3.32825.248
MinimumVisualStudioVersion = 10.0.40219.1
Project("{FAE04EC0-301F-11D3-BF4B-00C04F79EFBC}") = "mvc-practice", "mvc-practice\mvc-practice.csproj", "{37E290AA-6A94-412A-BABB-8BA1F77BBFB7}"
EndProject
Global
	GlobalSection(SolutionConfigurationPlatforms) = preSolution
		Debug|Any CPU = Debug|Any CPU
		Release|Any CPU = Release|Any CPU
	EndGlobalSection
	GlobalSection(ProjectConfigurationPlatforms) = postSolution
		{37E290AA-6A94-412A-BABB-8BA1F77BBFB7}.Debug|Any CPU.ActiveCfg = Debug|Any CPU
		{37E290AA-6A94-412A-BABB-8BA1F77BBFB7}.Debug|Any CPU.Build.0 = Debug|Any CPU
		{37E290AA-6A94-412A-BABB-8BA1F77BBFB7}.Release|Any CPU.ActiveCfg = Release|Any CPU
		{37E290AA-6A94-412A-BABB-8BA1F77BBFB7}.Release|Any CPU.Build.0 = Release|Any CPU
	EndGlobalSection
	GlobalSection(SolutionProperties) = preSolution
		HideSolutionNode = FALSE
	EndGlobalSection
	GlobalSection(ExtensibilityGlobals) = postSolution
		SolutionGuid = {6165B899-EA29-4CF4-AEBC-C4838863B636}
	EndGlobalSection
EndGlobal
